
Microsoft Visual Studio Solution File, Format Version 12.00
# Visual Studio Version 17
VisualStudioVersion = 17.5.33516.290
MinimumVisualStudioVersion = 10.0.40219.1
Project("{8BC9CEB8-8B4A-11D0-8D11-00A0C91BC942}") = "Dedok_DZ_9", "Dedok_DZ_9.vcxproj", "{3E97E210-F3CE-4418-BEC7-BA6AA09EBB0D}"
EndProject
Global
	GlobalSection(SolutionConfigurationPlatforms) = preSolution
		Debug|x64 = Debug|x64
		Debug|x86 = Debug|x86
		Release|x64 = Release|x64
		Release|x86 = Release|x86
	EndGlobalSection
	GlobalSection(ProjectConfigurationPlatforms) = postSolution
		{3E97E210-F3CE-4418-BEC7-BA6AA09EBB0D}.Debug|x64.ActiveCfg = Debug|x64
		{3E97E210-F3CE-4418-BEC7-BA6AA09EBB0D}.Debug|x64.Build.0 = Debug|x64
		{3E97E210-F3CE-4418-BEC7-BA6AA09EBB0D}.Debug|x86.ActiveCfg = Debug|Win32
		{3E97E210-F3CE-4418-BEC7-BA6AA09EBB0D}.Debug|x86.Build.0 = Debug|Win32
		{3E97E210-F3CE-4418-BEC7-BA6AA09EBB0D}.Release|x64.ActiveCfg = Release|x64
		{3E97E210-F3CE-4418-BEC7-BA6AA09EBB0D}.Release|x64.Build.0 = Release|x64
		{3E97E210-F3CE-4418-BEC7-BA6AA09EBB0D}.Release|x86.ActiveCfg = Release|Win32
		{3E97E210-F3CE-4418-BEC7-BA6AA09EBB0D}.Release|x86.Build.0 = Release|Win32
	EndGlobalSection
	GlobalSection(SolutionProperties) = preSolution
		HideSolutionNode = FALSE
	EndGlobalSection
	GlobalSection(ExtensibilityGlobals) = postSolution
		SolutionGuid = {FD043865-AC8F-4B4E-95D6-F127BC711330}
	EndGlobalSection
EndGlobal
